
Microsoft Visual Studio Solution File, Format Version 12.00
# Visual Studio Version 18
VisualStudioVersion = 18.4.11605.240
MinimumVisualStudioVersion = 10.0.40219.1
Project("{FAE04EC0-301F-11D3-BF4B-00C04F79EFBC}") = "SDL3-CS", "SDL3-CS\SDL3-CS.csproj", "{BA394322-CA77-4D28-8C1A-4BF8BB36F121}"
EndProject
Project("{FAE04EC0-301F-11D3-BF4B-00C04F79EFBC}") = "SDL3_Image-CS", "SDL3_Image-CS\SDL3_Image-CS.csproj", "{8DA074C2-CB73-2E69-0D6D-A0E91D7792C3}"
EndProject
Project("{FAE04EC0-301F-11D3-BF4B-00C04F79EFBC}") = "SDL3_ShaderCross-CS", "SDL3_ShaderCross-CS\SDL3_ShaderCross-CS.csproj", "{B2910490-A996-4CEF-90AC-72E9997851BB}"
EndProject
Global
	GlobalSection(SolutionConfigurationPlatforms) = preSolution
		Debug|Any CPU = Debug|Any CPU
		Release|Any CPU = Release|Any CPU
	EndGlobalSection
	GlobalSection(ProjectConfigurationPlatforms) = postSolution
		{BA394322-CA77-4D28-8C1A-4BF8BB36F121}.Debug|Any CPU.ActiveCfg = Debug|Any CPU
		{BA394322-CA77-4D28-8C1A-4BF8BB36F121}.Debug|Any CPU.Build.0 = Debug|Any CPU
		{BA394322-CA77-4D28-8C1A-4BF8BB36F121}.Release|Any CPU.ActiveCfg = Release|Any CPU
		{BA394322-CA77-4D28-8C1A-4BF8BB36F121}.Release|Any CPU.Build.0 = Release|Any CPU
		{8DA074C2-CB73-2E69-0D6D-A0E91D7792C3}.Debug|Any CPU.ActiveCfg = Debug|Any CPU
		{8DA074C2-CB73-2E69-0D6D-A0E91D7792C3}.Debug|Any CPU.Build.0 = Debug|Any CPU
		{8DA074C2-CB73-2E69-0D6D-A0E91D7792C3}.Release|Any CPU.ActiveCfg = Release|Any CPU
		{8DA074C2-CB73-2E69-0D6D-A0E91D7792C3}.Release|Any CPU.Build.0 = Release|Any CPU
		{B2910490-A996-4CEF-90AC-72E9997851BB}.Debug|Any CPU.ActiveCfg = Debug|Any CPU
		{B2910490-A996-4CEF-90AC-72E9997851BB}.Debug|Any CPU.Build.0 = Debug|Any CPU
		{B2910490-A996-4CEF-90AC-72E9997851BB}.Release|Any CPU.ActiveCfg = Release|Any CPU
		{B2910490-A996-4CEF-90AC-72E9997851BB}.Release|Any CPU.Build.0 = Release|Any CPU
	EndGlobalSection
	GlobalSection(SolutionProperties) = preSolution
		HideSolutionNode = FALSE
	EndGlobalSection
	GlobalSection(ExtensibilityGlobals) = postSolution
		SolutionGuid = {B110C454-912C-4FB6-A2F3-49410401C8A4}
	EndGlobalSection
EndGlobal
